{
  "name": "chat-room",
  "version": "1.0.0",
  "lockfileVersion": 3,
  "requires": true,
  "packages": {
    "": {
      "name": "chat-room",
      "version": "1.0.0",
      "license": "ISC",
      "dependencies": {
        "obscenity": "^0.4.3"
      },
      "devDependencies": {}
    },
    "node_modules/obscenity": {
      "version": "0.4.3",
      "resolved": "https://registry.npmjs.org/obscenity/-/obscenity-0.4.3.tgz",
      "integrity": "sha512-DZKM0xUEksY5dVGaZoyC5VmIRMSbI6O0Gyb/07L+77d4zWJKKf5tQZrhlT0aiVYD6prTmnxiS3RhN0sfh5Q95Q==",
      "engines": {
        "node": ">=14.0.0"
      }
    }
  }
}
